
Microsoft Visual Studio Solution File, Format Version 12.00
# Visual Studio 2012
Project("{8BC9CEB8-8B4A-11D0-8D11-00A0C91BC942}") = "mia", "mia\mia.vcxproj", "{B12702AD-ABFB-343A-A199-8E24837244A3}"
	ProjectSection(ProjectDependencies) = postProject
		{F087552E-5B13-48FE-8BC7-C7035F635DE6} = {F087552E-5B13-48FE-8BC7-C7035F635DE6}
		{1DBA2CAD-A964-4EF1-AC6D-186563047D28} = {1DBA2CAD-A964-4EF1-AC6D-186563047D28}
	EndProjectSection
EndProject
Project("{8BC9CEB8-8B4A-11D0-8D11-00A0C91BC942}") = "model", "model\model.vcxproj", "{F087552E-5B13-48FE-8BC7-C7035F635DE6}"
EndProject
Project("{8BC9CEB8-8B4A-11D0-8D11-00A0C91BC942}") = "gui", "gui\gui.vcxproj", "{1DBA2CAD-A964-4EF1-AC6D-186563047D28}"
EndProject
Global
	GlobalSection(SolutionConfigurationPlatforms) = preSolution
		Debug|Win32 = Debug|Win32
		Debug|x64 = Debug|x64
		Release|Win32 = Release|Win32
		Release|x64 = Release|x64
	EndGlobalSection
	GlobalSection(ProjectConfigurationPlatforms) = postSolution
		{B12702AD-ABFB-343A-A199-8E24837244A3}.Debug|Win32.ActiveCfg = Debug|Win32
		{B12702AD-ABFB-343A-A199-8E24837244A3}.Debug|Win32.Build.0 = Debug|Win32
		{B12702AD-ABFB-343A-A199-8E24837244A3}.Debug|x64.ActiveCfg = Debug|x64
		{B12702AD-ABFB-343A-A199-8E24837244A3}.Debug|x64.Build.0 = Debug|x64
		{B12702AD-ABFB-343A-A199-8E24837244A3}.Release|Win32.ActiveCfg = Release|Win32
		{B12702AD-ABFB-343A-A199-8E24837244A3}.Release|Win32.Build.0 = Release|Win32
		{B12702AD-ABFB-343A-A199-8E24837244A3}.Release|x64.ActiveCfg = Release|x64
		{B12702AD-ABFB-343A-A199-8E24837244A3}.Release|x64.Build.0 = Release|x64
		{F087552E-5B13-48FE-8BC7-C7035F635DE6}.Debug|Win32.ActiveCfg = Debug|Win32
		{F087552E-5B13-48FE-8BC7-C7035F635DE6}.Debug|Win32.Build.0 = Debug|Win32
		{F087552E-5B13-48FE-8BC7-C7035F635DE6}.Debug|x64.ActiveCfg = Debug|x64
		{F087552E-5B13-48FE-8BC7-C7035F635DE6}.Debug|x64.Build.0 = Debug|x64
		{F087552E-5B13-48FE-8BC7-C7035F635DE6}.Release|Win32.ActiveCfg = Release|Win32
		{F087552E-5B13-48FE-8BC7-C7035F635DE6}.Release|Win32.Build.0 = Release|Win32
		{F087552E-5B13-48FE-8BC7-C7035F635DE6}.Release|x64.ActiveCfg = Release|x64
		{F087552E-5B13-48FE-8BC7-C7035F635DE6}.Release|x64.Build.0 = Release|x64
		{1DBA2CAD-A964-4EF1-AC6D-186563047D28}.Debug|Win32.ActiveCfg = Debug|Win32
		{1DBA2CAD-A964-4EF1-AC6D-186563047D28}.Debug|Win32.Build.0 = Debug|Win32
		{1DBA2CAD-A964-4EF1-AC6D-186563047D28}.Debug|x64.ActiveCfg = Debug|x64
		{1DBA2CAD-A964-4EF1-AC6D-186563047D28}.Debug|x64.Build.0 = Debug|x64
		{1DBA2CAD-A964-4EF1-AC6D-186563047D28}.Release|Win32.ActiveCfg = Release|Win32
		{1DBA2CAD-A964-4EF1-AC6D-186563047D28}.Release|Win32.Build.0 = Release|Win32
		{1DBA2CAD-A964-4EF1-AC6D-186563047D28}.Release|x64.ActiveCfg = Release|x64
		{1DBA2CAD-A964-4EF1-AC6D-186563047D28}.Release|x64.Build.0 = Release|x64
	EndGlobalSection
	GlobalSection(SolutionProperties) = preSolution
		HideSolutionNode = FALSE
	EndGlobalSection
EndGlobal
